{
  "name": "orderMeal_client",
  "version": "1.0.0",
  "lockfileVersion": 1,
  "requires": true,
  "dependencies": {
    "@dcloudio/uni-ui": {
      "version": "1.1.103",
      "resolved": "https://registry.npmjs.org/@dcloudio/uni-ui/-/uni-ui-1.1.103.tgz",
      "integrity": "sha512-CNQAtaTE6A+EnGMIEZVjgxaHo6T3GShJcbMfllts1y9x+zY1jTGTmrSGgcTkTpr5npreqVtrTOA110LRQgtluA=="
    }
  }
}
